
Microsoft Visual Studio Solution File, Format Version 12.00
# Visual Studio Version 17
VisualStudioVersion = 17.13.36105.23
MinimumVisualStudioVersion = 10.0.40219.1
Project("{8BC9CEB8-8B4A-11D0-8D11-00A0C91BC942}") = "lesson_001", "lesson_001\lesson_001.vcxproj", "{5B10E6D2-B17D-4372-AA6C-782E402998E2}"
	ProjectSection(ProjectDependencies) = postProject
		{3DF56CDE-4A3F-4170-95CD-D60CFD916F59} = {3DF56CDE-4A3F-4170-95CD-D60CFD916F59}
	EndProjectSection
EndProject
Project("{8BC9CEB8-8B4A-11D0-8D11-00A0C91BC942}") = "libspace", "libspace\libspace.vcxproj", "{3DF56CDE-4A3F-4170-95CD-D60CFD916F59}"
EndProject
Project("{8BC9CEB8-8B4A-11D0-8D11-00A0C91BC942}") = "lesson_002", "lesson_002\lesson_002.vcxproj", "{896091D2-22A8-4EF2-9CBB-8C37C9C94C55}"
	ProjectSection(ProjectDependencies) = postProject
		{3DF56CDE-4A3F-4170-95CD-D60CFD916F59} = {3DF56CDE-4A3F-4170-95CD-D60CFD916F59}
	EndProjectSection
EndProject
Project("{8BC9CEB8-8B4A-11D0-8D11-00A0C91BC942}") = "lesson_003", "lesson_003\lesson_003.vcxproj", "{26F07E52-A3A5-4BBB-820B-46F9579B3845}"
	ProjectSection(ProjectDependencies) = postProject
		{3DF56CDE-4A3F-4170-95CD-D60CFD916F59} = {3DF56CDE-4A3F-4170-95CD-D60CFD916F59}
	EndProjectSection
EndProject
Project("{8BC9CEB8-8B4A-11D0-8D11-00A0C91BC942}") = "lesson_004", "lesson_004\lesson_004.vcxproj", "{43BF0122-006B-4295-BC46-9A687D2425C3}"
	ProjectSection(ProjectDependencies) = postProject
		{3DF56CDE-4A3F-4170-95CD-D60CFD916F59} = {3DF56CDE-4A3F-4170-95CD-D60CFD916F59}
	EndProjectSection
EndProject
Project("{8BC9CEB8-8B4A-11D0-8D11-00A0C91BC942}") = "lesson_005", "lesson_005\lesson_005.vcxproj", "{B29886C5-9D8A-4B9B-BF35-0585418CE488}"
	ProjectSection(ProjectDependencies) = postProject
		{3DF56CDE-4A3F-4170-95CD-D60CFD916F59} = {3DF56CDE-4A3F-4170-95CD-D60CFD916F59}
	EndProjectSection
EndProject
Project("{8BC9CEB8-8B4A-11D0-8D11-00A0C91BC942}") = "lesson_006", "lesson_006\lesson_006.vcxproj", "{0C8B8AB5-072F-4B3A-8D9B-DDBDBD0815C6}"
	ProjectSection(ProjectDependencies) = postProject
		{3DF56CDE-4A3F-4170-95CD-D60CFD916F59} = {3DF56CDE-4A3F-4170-95CD-D60CFD916F59}
	EndProjectSection
EndProject
Project("{8BC9CEB8-8B4A-11D0-8D11-00A0C91BC942}") = "lesson_007", "lesson_007\lesson_007.vcxproj", "{7572CA36-BF65-4B68-A714-0B8131D0870B}"
	ProjectSection(ProjectDependencies) = postProject
		{3DF56CDE-4A3F-4170-95CD-D60CFD916F59} = {3DF56CDE-4A3F-4170-95CD-D60CFD916F59}
	EndProjectSection
EndProject
Project("{8BC9CEB8-8B4A-11D0-8D11-00A0C91BC942}") = "lesson_008", "lesson_008\lesson_008.vcxproj", "{9773AF36-FDEB-466E-B1EF-1229C4534EBB}"
	ProjectSection(ProjectDependencies) = postProject
		{3DF56CDE-4A3F-4170-95CD-D60CFD916F59} = {3DF56CDE-4A3F-4170-95CD-D60CFD916F59}
	EndProjectSection
EndProject
Project("{8BC9CEB8-8B4A-11D0-8D11-00A0C91BC942}") = "lesson_009", "lesson_009\lesson_009.vcxproj", "{A2CF57F8-7AE1-42B8-8604-67E0BD6CFAA4}"
	ProjectSection(ProjectDependencies) = postProject
		{3DF56CDE-4A3F-4170-95CD-D60CFD916F59} = {3DF56CDE-4A3F-4170-95CD-D60CFD916F59}
	EndProjectSection
EndProject
Project("{8BC9CEB8-8B4A-11D0-8D11-00A0C91BC942}") = "lesson_010", "lesson_010\lesson_010.vcxproj", "{E5318B82-0384-4F5D-9815-9FE8ECD81856}"
	ProjectSection(ProjectDependencies) = postProject
		{3DF56CDE-4A3F-4170-95CD-D60CFD916F59} = {3DF56CDE-4A3F-4170-95CD-D60CFD916F59}
	EndProjectSection
EndProject
Project("{8BC9CEB8-8B4A-11D0-8D11-00A0C91BC942}") = "lesson_011", "lesson_011\lesson_011.vcxproj", "{27C27853-BB77-4E92-AC37-9A0A8919CA9B}"
	ProjectSection(ProjectDependencies) = postProject
		{3DF56CDE-4A3F-4170-95CD-D60CFD916F59} = {3DF56CDE-4A3F-4170-95CD-D60CFD916F59}
	EndProjectSection
EndProject
Project("{8BC9CEB8-8B4A-11D0-8D11-00A0C91BC942}") = "lesson_012", "lesson_012\lesson_012.vcxproj", "{B978364D-DC4E-4B86-8D8E-B947CDC941FD}"
	ProjectSection(ProjectDependencies) = postProject
		{3DF56CDE-4A3F-4170-95CD-D60CFD916F59} = {3DF56CDE-4A3F-4170-95CD-D60CFD916F59}
	EndProjectSection
EndProject
Project("{8BC9CEB8-8B4A-11D0-8D11-00A0C91BC942}") = "lesson_013", "lesson_013\lesson_013.vcxproj", "{7CFACB6E-2FF9-42FC-BCF4-88FE2858A162}"
	ProjectSection(ProjectDependencies) = postProject
		{3DF56CDE-4A3F-4170-95CD-D60CFD916F59} = {3DF56CDE-4A3F-4170-95CD-D60CFD916F59}
	EndProjectSection
EndProject
Project("{8BC9CEB8-8B4A-11D0-8D11-00A0C91BC942}") = "lesson_014", "lesson_014\lesson_014.vcxproj", "{986B96A8-6765-4FF0-8A47-95CDDC97BA84}"
	ProjectSection(ProjectDependencies) = postProject
		{3DF56CDE-4A3F-4170-95CD-D60CFD916F59} = {3DF56CDE-4A3F-4170-95CD-D60CFD916F59}
	EndProjectSection
EndProject
Project("{8BC9CEB8-8B4A-11D0-8D11-00A0C91BC942}") = "lesson_015", "lesson_015\lesson_015.vcxproj", "{46A5416B-2CEA-40C4-B2CA-6A536551D9A9}"
	ProjectSection(ProjectDependencies) = postProject
		{3DF56CDE-4A3F-4170-95CD-D60CFD916F59} = {3DF56CDE-4A3F-4170-95CD-D60CFD916F59}
	EndProjectSection
EndProject
Project("{8BC9CEB8-8B4A-11D0-8D11-00A0C91BC942}") = "lesson_016", "lesson_016\lesson_016.vcxproj", "{B1442749-973C-41D8-A7C7-69BB18E40157}"
	ProjectSection(ProjectDependencies) = postProject
		{3DF56CDE-4A3F-4170-95CD-D60CFD916F59} = {3DF56CDE-4A3F-4170-95CD-D60CFD916F59}
	EndProjectSection
EndProject
Project("{8BC9CEB8-8B4A-11D0-8D11-00A0C91BC942}") = "lesson_017", "lesson_017\lesson_017.vcxproj", "{A3461F8C-7F0E-4CC9-A1A1-8B323133A286}"
	ProjectSection(ProjectDependencies) = postProject
		{3DF56CDE-4A3F-4170-95CD-D60CFD916F59} = {3DF56CDE-4A3F-4170-95CD-D60CFD916F59}
	EndProjectSection
EndProject
Project("{8BC9CEB8-8B4A-11D0-8D11-00A0C91BC942}") = "lesson_018", "lesson_018\lesson_018.vcxproj", "{BB1432B9-0DC7-4B89-B9DA-9676BC21E39F}"
	ProjectSection(ProjectDependencies) = postProject
		{3DF56CDE-4A3F-4170-95CD-D60CFD916F59} = {3DF56CDE-4A3F-4170-95CD-D60CFD916F59}
	EndProjectSection
EndProject
Global
	GlobalSection(SolutionConfigurationPlatforms) = preSolution
		Debug|x64 = Debug|x64
		Debug|x86 = Debug|x86
		Release|x64 = Release|x64
		Release|x86 = Release|x86
	EndGlobalSection
	GlobalSection(ProjectConfigurationPlatforms) = postSolution
		{5B10E6D2-B17D-4372-AA6C-782E402998E2}.Debug|x64.ActiveCfg = Debug|x64
		{5B10E6D2-B17D-4372-AA6C-782E402998E2}.Debug|x64.Build.0 = Debug|x64
		{5B10E6D2-B17D-4372-AA6C-782E402998E2}.Debug|x86.ActiveCfg = Debug|Win32
		{5B10E6D2-B17D-4372-AA6C-782E402998E2}.Debug|x86.Build.0 = Debug|Win32
		{5B10E6D2-B17D-4372-AA6C-782E402998E2}.Release|x64.ActiveCfg = Release|x64
		{5B10E6D2-B17D-4372-AA6C-782E402998E2}.Release|x64.Build.0 = Release|x64
		{5B10E6D2-B17D-4372-AA6C-782E402998E2}.Release|x86.ActiveCfg = Release|Win32
		{5B10E6D2-B17D-4372-AA6C-782E402998E2}.Release|x86.Build.0 = Release|Win32
		{3DF56CDE-4A3F-4170-95CD-D60CFD916F59}.Debug|x64.ActiveCfg = Debug|x64
		{3DF56CDE-4A3F-4170-95CD-D60CFD916F59}.Debug|x64.Build.0 = Debug|x64
		{3DF56CDE-4A3F-4170-95CD-D60CFD916F59}.Debug|x86.ActiveCfg = Debug|Win32
		{3DF56CDE-4A3F-4170-95CD-D60CFD916F59}.Debug|x86.Build.0 = Debug|Win32
		{3DF56CDE-4A3F-4170-95CD-D60CFD916F59}.Release|x64.ActiveCfg = Release|x64
		{3DF56CDE-4A3F-4170-95CD-D60CFD916F59}.Release|x64.Build.0 = Release|x64
		{3DF56CDE-4A3F-4170-95CD-D60CFD916F59}.Release|x86.ActiveCfg = Release|Win32
		{3DF56CDE-4A3F-4170-95CD-D60CFD916F59}.Release|x86.Build.0 = Release|Win32
		{896091D2-22A8-4EF2-9CBB-8C37C9C94C55}.Debug|x64.ActiveCfg = Debug|x64
		{896091D2-22A8-4EF2-9CBB-8C37C9C94C55}.Debug|x64.Build.0 = Debug|x64
		{896091D2-22A8-4EF2-9CBB-8C37C9C94C55}.Debug|x86.ActiveCfg = Debug|Win32
		{896091D2-22A8-4EF2-9CBB-8C37C9C94C55}.Debug|x86.Build.0 = Debug|Win32
		{896091D2-22A8-4EF2-9CBB-8C37C9C94C55}.Release|x64.ActiveCfg = Release|x64
		{896091D2-22A8-4EF2-9CBB-8C37C9C94C55}.Release|x64.Build.0 = Release|x64
		{896091D2-22A8-4EF2-9CBB-8C37C9C94C55}.Release|x86.ActiveCfg = Release|Win32
		{896091D2-22A8-4EF2-9CBB-8C37C9C94C55}.Release|x86.Build.0 = Release|Win32
		{26F07E52-A3A5-4BBB-820B-46F9579B3845}.Debug|x64.ActiveCfg = Debug|x64
		{26F07E52-A3A5-4BBB-820B-46F9579B3845}.Debug|x64.Build.0 = Debug|x64
		{26F07E52-A3A5-4BBB-820B-46F9579B3845}.Debug|x86.ActiveCfg = Debug|Win32
		{26F07E52-A3A5-4BBB-820B-46F9579B3845}.Debug|x86.Build.0 = Debug|Win32
		{26F07E52-A3A5-4BBB-820B-46F9579B3845}.Release|x64.ActiveCfg = Release|x64
		{26F07E52-A3A5-4BBB-820B-46F9579B3845}.Release|x64.Build.0 = Release|x64
		{26F07E52-A3A5-4BBB-820B-46F9579B3845}.Release|x86.ActiveCfg = Release|Win32
		{26F07E52-A3A5-4BBB-820B-46F9579B3845}.Release|x86.Build.0 = Release|Win32
		{43BF0122-006B-4295-BC46-9A687D2425C3}.Debug|x64.ActiveCfg = Debug|x64
		{43BF0122-006B-4295-BC46-9A687D2425C3}.Debug|x64.Build.0 = Debug|x64
		{43BF0122-006B-4295-BC46-9A687D2425C3}.Debug|x86.ActiveCfg = Debug|Win32
		{43BF0122-006B-4295-BC46-9A687D2425C3}.Debug|x86.Build.0 = Debug|Win32
		{43BF0122-006B-4295-BC46-9A687D2425C3}.Release|x64.ActiveCfg = Release|x64
		{43BF0122-006B-4295-BC46-9A687D2425C3}.Release|x64.Build.0 = Release|x64
		{43BF0122-006B-4295-BC46-9A687D2425C3}.Release|x86.ActiveCfg = Release|Win32
		{43BF0122-006B-4295-BC46-9A687D2425C3}.Release|x86.Build.0 = Release|Win32
		{B29886C5-9D8A-4B9B-BF35-0585418CE488}.Debug|x64.ActiveCfg = Debug|x64
		{B29886C5-9D8A-4B9B-BF35-0585418CE488}.Debug|x64.Build.0 = Debug|x64
		{B29886C5-9D8A-4B9B-BF35-0585418CE488}.Debug|x86.ActiveCfg = Debug|Win32
		{B29886C5-9D8A-4B9B-BF35-0585418CE488}.Debug|x86.Build.0 = Debug|Win32
		{B29886C5-9D8A-4B9B-BF35-0585418CE488}.Release|x64.ActiveCfg = Release|x64
		{B29886C5-9D8A-4B9B-BF35-0585418CE488}.Release|x64.Build.0 = Release|x64
		{B29886C5-9D8A-4B9B-BF35-0585418CE488}.Release|x86.ActiveCfg = Release|Win32
		{B29886C5-9D8A-4B9B-BF35-0585418CE488}.Release|x86.Build.0 = Release|Win32
		{0C8B8AB5-072F-4B3A-8D9B-DDBDBD0815C6}.Debug|x64.ActiveCfg = Debug|x64
		{0C8B8AB5-072F-4B3A-8D9B-DDBDBD0815C6}.Debug|x64.Build.0 = Debug|x64
		{0C8B8AB5-072F-4B3A-8D9B-DDBDBD0815C6}.Debug|x86.ActiveCfg = Debug|Win32
		{0C8B8AB5-072F-4B3A-8D9B-DDBDBD0815C6}.Debug|x86.Build.0 = Debug|Win32
		{0C8B8AB5-072F-4B3A-8D9B-DDBDBD0815C6}.Release|x64.ActiveCfg = Release|x64
		{0C8B8AB5-072F-4B3A-8D9B-DDBDBD0815C6}.Release|x64.Build.0 = Release|x64
		{0C8B8AB5-072F-4B3A-8D9B-DDBDBD0815C6}.Release|x86.ActiveCfg = Release|Win32
		{0C8B8AB5-072F-4B3A-8D9B-DDBDBD0815C6}.Release|x86.Build.0 = Release|Win32
		{7572CA36-BF65-4B68-A714-0B8131D0870B}.Debug|x64.ActiveCfg = Debug|x64
		{7572CA36-BF65-4B68-A714-0B8131D0870B}.Debug|x64.Build.0 = Debug|x64
		{7572CA36-BF65-4B68-A714-0B8131D0870B}.Debug|x86.ActiveCfg = Debug|Win32
		{7572CA36-BF65-4B68-A714-0B8131D0870B}.Debug|x86.Build.0 = Debug|Win32
		{7572CA36-BF65-4B68-A714-0B8131D0870B}.Release|x64.ActiveCfg = Release|x64
		{7572CA36-BF65-4B68-A714-0B8131D0870B}.Release|x64.Build.0 = Release|x64
		{7572CA36-BF65-4B68-A714-0B8131D0870B}.Release|x86.ActiveCfg = Release|Win32
		{7572CA36-BF65-4B68-A714-0B8131D0870B}.Release|x86.Build.0 = Release|Win32
		{9773AF36-FDEB-466E-B1EF-1229C4534EBB}.Debug|x64.ActiveCfg = Debug|x64
		{9773AF36-FDEB-466E-B1EF-1229C4534EBB}.Debug|x64.Build.0 = Debug|x64
		{9773AF36-FDEB-466E-B1EF-1229C4534EBB}.Debug|x86.ActiveCfg = Debug|Win32
		{9773AF36-FDEB-466E-B1EF-1229C4534EBB}.Debug|x86.Build.0 = Debug|Win32
		{9773AF36-FDEB-466E-B1EF-1229C4534EBB}.Release|x64.ActiveCfg = Release|x64
		{9773AF36-FDEB-466E-B1EF-1229C4534EBB}.Release|x64.Build.0 = Release|x64
		{9773AF36-FDEB-466E-B1EF-1229C4534EBB}.Release|x86.ActiveCfg = Release|Win32
		{9773AF36-FDEB-466E-B1EF-1229C4534EBB}.Release|x86.Build.0 = Release|Win32
		{A2CF57F8-7AE1-42B8-8604-67E0BD6CFAA4}.Debug|x64.ActiveCfg = Debug|x64
		{A2CF57F8-7AE1-42B8-8604-67E0BD6CFAA4}.Debug|x64.Build.0 = Debug|x64
		{A2CF57F8-7AE1-42B8-8604-67E0BD6CFAA4}.Debug|x86.ActiveCfg = Debug|Win32
		{A2CF57F8-7AE1-42B8-8604-67E0BD6CFAA4}.Debug|x86.Build.0 = Debug|Win32
		{A2CF57F8-7AE1-42B8-8604-67E0BD6CFAA4}.Release|x64.ActiveCfg = Release|x64
		{A2CF57F8-7AE1-42B8-8604-67E0BD6CFAA4}.Release|x64.Build.0 = Release|x64
		{A2CF57F8-7AE1-42B8-8604-67E0BD6CFAA4}.Release|x86.ActiveCfg = Release|Win32
		{A2CF57F8-7AE1-42B8-8604-67E0BD6CFAA4}.Release|x86.Build.0 = Release|Win32
		{E5318B82-0384-4F5D-9815-9FE8ECD81856}.Debug|x64.ActiveCfg = Debug|x64
		{E5318B82-0384-4F5D-9815-9FE8ECD81856}.Debug|x64.Build.0 = Debug|x64
		{E5318B82-0384-4F5D-9815-9FE8ECD81856}.Debug|x86.ActiveCfg = Debug|Win32
		{E5318B82-0384-4F5D-9815-9FE8ECD81856}.Debug|x86.Build.0 = Debug|Win32
		{E5318B82-0384-4F5D-9815-9FE8ECD81856}.Release|x64.ActiveCfg = Release|x64
		{E5318B82-0384-4F5D-9815-9FE8ECD81856}.Release|x64.Build.0 = Release|x64
		{E5318B82-0384-4F5D-9815-9FE8ECD81856}.Release|x86.ActiveCfg = Release|Win32
		{E5318B82-0384-4F5D-9815-9FE8ECD81856}.Release|x86.Build.0 = Release|Win32
		{27C27853-BB77-4E92-AC37-9A0A8919CA9B}.Debug|x64.ActiveCfg = Debug|x64
		{27C27853-BB77-4E92-AC37-9A0A8919CA9B}.Debug|x64.Build.0 = Debug|x64
		{27C27853-BB77-4E92-AC37-9A0A8919CA9B}.Debug|x86.ActiveCfg = Debug|Win32
		{27C27853-BB77-4E92-AC37-9A0A8919CA9B}.Debug|x86.Build.0 = Debug|Win32
		{27C27853-BB77-4E92-AC37-9A0A8919CA9B}.Release|x64.ActiveCfg = Release|x64
		{27C27853-BB77-4E92-AC37-9A0A8919CA9B}.Release|x64.Build.0 = Release|x64
		{27C27853-BB77-4E92-AC37-9A0A8919CA9B}.Release|x86.ActiveCfg = Release|Win32
		{27C27853-BB77-4E92-AC37-9A0A8919CA9B}.Release|x86.Build.0 = Release|Win32
		{B978364D-DC4E-4B86-8D8E-B947CDC941FD}.Debug|x64.ActiveCfg = Debug|x64
		{B978364D-DC4E-4B86-8D8E-B947CDC941FD}.Debug|x64.Build.0 = Debug|x64
		{B978364D-DC4E-4B86-8D8E-B947CDC941FD}.Debug|x86.ActiveCfg = Debug|Win32
		{B978364D-DC4E-4B86-8D8E-B947CDC941FD}.Debug|x86.Build.0 = Debug|Win32
		{B978364D-DC4E-4B86-8D8E-B947CDC941FD}.Release|x64.ActiveCfg = Release|x64
		{B978364D-DC4E-4B86-8D8E-B947CDC941FD}.Release|x64.Build.0 = Release|x64
		{B978364D-DC4E-4B86-8D8E-B947CDC941FD}.Release|x86.ActiveCfg = Release|Win32
		{B978364D-DC4E-4B86-8D8E-B947CDC941FD}.Release|x86.Build.0 = Release|Win32
		{7CFACB6E-2FF9-42FC-BCF4-88FE2858A162}.Debug|x64.ActiveCfg = Debug|x64
		{7CFACB6E-2FF9-42FC-BCF4-88FE2858A162}.Debug|x64.Build.0 = Debug|x64
		{7CFACB6E-2FF9-42FC-BCF4-88FE2858A162}.Debug|x86.ActiveCfg = Debug|Win32
		{7CFACB6E-2FF9-42FC-BCF4-88FE2858A162}.Debug|x86.Build.0 = Debug|Win32
		{7CFACB6E-2FF9-42FC-BCF4-88FE2858A162}.Release|x64.ActiveCfg = Release|x64
		{7CFACB6E-2FF9-42FC-BCF4-88FE2858A162}.Release|x64.Build.0 = Release|x64
		{7CFACB6E-2FF9-42FC-BCF4-88FE2858A162}.Release|x86.ActiveCfg = Release|Win32
		{7CFACB6E-2FF9-42FC-BCF4-88FE2858A162}.Release|x86.Build.0 = Release|Win32
		{986B96A8-6765-4FF0-8A47-95CDDC97BA84}.Debug|x64.ActiveCfg = Debug|x64
		{986B96A8-6765-4FF0-8A47-95CDDC97BA84}.Debug|x64.Build.0 = Debug|x64
		{986B96A8-6765-4FF0-8A47-95CDDC97BA84}.Debug|x86.ActiveCfg = Debug|Win32
		{986B96A8-6765-4FF0-8A47-95CDDC97BA84}.Debug|x86.Build.0 = Debug|Win32
		{986B96A8-6765-4FF0-8A47-95CDDC97BA84}.Release|x64.ActiveCfg = Release|x64
		{986B96A8-6765-4FF0-8A47-95CDDC97BA84}.Release|x64.Build.0 = Release|x64
		{986B96A8-6765-4FF0-8A47-95CDDC97BA84}.Release|x86.ActiveCfg = Release|Win32
		{986B96A8-6765-4FF0-8A47-95CDDC97BA84}.Release|x86.Build.0 = Release|Win32
		{46A5416B-2CEA-40C4-B2CA-6A536551D9A9}.Debug|x64.ActiveCfg = Debug|x64
		{46A5416B-2CEA-40C4-B2CA-6A536551D9A9}.Debug|x64.Build.0 = Debug|x64
		{46A5416B-2CEA-40C4-B2CA-6A536551D9A9}.Debug|x86.ActiveCfg = Debug|Win32
		{46A5416B-2CEA-40C4-B2CA-6A536551D9A9}.Debug|x86.Build.0 = Debug|Win32
		{46A5416B-2CEA-40C4-B2CA-6A536551D9A9}.Release|x64.ActiveCfg = Release|x64
		{46A5416B-2CEA-40C4-B2CA-6A536551D9A9}.Release|x64.Build.0 = Release|x64
		{46A5416B-2CEA-40C4-B2CA-6A536551D9A9}.Release|x86.ActiveCfg = Release|Win32
		{46A5416B-2CEA-40C4-B2CA-6A536551D9A9}.Release|x86.Build.0 = Release|Win32
		{B1442749-973C-41D8-A7C7-69BB18E40157}.Debug|x64.ActiveCfg = Debug|x64
		{B1442749-973C-41D8-A7C7-69BB18E40157}.Debug|x64.Build.0 = Debug|x64
		{B1442749-973C-41D8-A7C7-69BB18E40157}.Debug|x86.ActiveCfg = Debug|Win32
		{B1442749-973C-41D8-A7C7-69BB18E40157}.Debug|x86.Build.0 = Debug|Win32
		{B1442749-973C-41D8-A7C7-69BB18E40157}.Release|x64.ActiveCfg = Release|x64
		{B1442749-973C-41D8-A7C7-69BB18E40157}.Release|x64.Build.0 = Release|x64
		{B1442749-973C-41D8-A7C7-69BB18E40157}.Release|x86.ActiveCfg = Release|Win32
		{B1442749-973C-41D8-A7C7-69BB18E40157}.Release|x86.Build.0 = Release|Win32
		{A3461F8C-7F0E-4CC9-A1A1-8B323133A286}.Debug|x64.ActiveCfg = Debug|x64
		{A3461F8C-7F0E-4CC9-A1A1-8B323133A286}.Debug|x64.Build.0 = Debug|x64
		{A3461F8C-7F0E-4CC9-A1A1-8B323133A286}.Debug|x86.ActiveCfg = Debug|Win32
		{A3461F8C-7F0E-4CC9-A1A1-8B323133A286}.Debug|x86.Build.0 = Debug|Win32
		{A3461F8C-7F0E-4CC9-A1A1-8B323133A286}.Release|x64.ActiveCfg = Release|x64
		{A3461F8C-7F0E-4CC9-A1A1-8B323133A286}.Release|x64.Build.0 = Release|x64
		{A3461F8C-7F0E-4CC9-A1A1-8B323133A286}.Release|x86.ActiveCfg = Release|Win32
		{A3461F8C-7F0E-4CC9-A1A1-8B323133A286}.Release|x86.Build.0 = Release|Win32
		{BB1432B9-0DC7-4B89-B9DA-9676BC21E39F}.Debug|x64.ActiveCfg = Debug|x64
		{BB1432B9-0DC7-4B89-B9DA-9676BC21E39F}.Debug|x64.Build.0 = Debug|x64
		{BB1432B9-0DC7-4B89-B9DA-9676BC21E39F}.Debug|x86.ActiveCfg = Debug|Win32
		{BB1432B9-0DC7-4B89-B9DA-9676BC21E39F}.Debug|x86.Build.0 = Debug|Win32
		{BB1432B9-0DC7-4B89-B9DA-9676BC21E39F}.Release|x64.ActiveCfg = Release|x64
		{BB1432B9-0DC7-4B89-B9DA-9676BC21E39F}.Release|x64.Build.0 = Release|x64
		{BB1432B9-0DC7-4B89-B9DA-9676BC21E39F}.Release|x86.ActiveCfg = Release|Win32
		{BB1432B9-0DC7-4B89-B9DA-9676BC21E39F}.Release|x86.Build.0 = Release|Win32
	EndGlobalSection
	GlobalSection(SolutionProperties) = preSolution
		HideSolutionNode = FALSE
	EndGlobalSection
	GlobalSection(ExtensibilityGlobals) = postSolution
		SolutionGuid = {DA407504-18E5-44F3-ACA8-0691FF3CE679}
	EndGlobalSection
EndGlobal
